
Microsoft Visual Studio Solution File, Format Version 12.00
# Visual Studio Version 17
VisualStudioVersion = 17.14.36811.4 d17.14
MinimumVisualStudioVersion = 10.0.40219.1
Project("{FAE04EC0-301F-11D3-BF4B-00C04F79EFBC}") = "LeaveManagement", "LeaveManagement.csproj", "{66954254-A7F6-431C-9ABF-33BE1968269F}"
EndProject
Global
	GlobalSection(SolutionConfigurationPlatforms) = preSolution
		Debug|Any CPU = Debug|Any CPU
		Release|Any CPU = Release|Any CPU
	EndGlobalSection
	GlobalSection(ProjectConfigurationPlatforms) = postSolution
		{66954254-A7F6-431C-9ABF-33BE1968269F}.Debug|Any CPU.ActiveCfg = Debug|Any CPU
		{66954254-A7F6-431C-9ABF-33BE1968269F}.Debug|Any CPU.Build.0 = Debug|Any CPU
		{66954254-A7F6-431C-9ABF-33BE1968269F}.Release|Any CPU.ActiveCfg = Release|Any CPU
		{66954254-A7F6-431C-9ABF-33BE1968269F}.Release|Any CPU.Build.0 = Release|Any CPU
	EndGlobalSection
	GlobalSection(SolutionProperties) = preSolution
		HideSolutionNode = FALSE
	EndGlobalSection
	GlobalSection(ExtensibilityGlobals) = postSolution
		SolutionGuid = {8A0156F0-90F4-490A-AFA5-3944DA33ACFC}
	EndGlobalSection
EndGlobal
